
Microsoft Visual Studio Solution File, Format Version 12.00
# Visual Studio Version 17
VisualStudioVersion = 17.2.32616.157
MinimumVisualStudioVersion = 10.0.40219.1
Project("{FAE04EC0-301F-11D3-BF4B-00C04F79EFBC}") = "Practica5", "Practica5\Practica5.csproj", "{C3942F63-1516-413B-997B-6689BE8CC7EE}"
EndProject
Global
	GlobalSection(SolutionConfigurationPlatforms) = preSolution
		Debug|Any CPU = Debug|Any CPU
		Release|Any CPU = Release|Any CPU
	EndGlobalSection
	GlobalSection(ProjectConfigurationPlatforms) = postSolution
		{C3942F63-1516-413B-997B-6689BE8CC7EE}.Debug|Any CPU.ActiveCfg = Debug|Any CPU
		{C3942F63-1516-413B-997B-6689BE8CC7EE}.Debug|Any CPU.Build.0 = Debug|Any CPU
		{C3942F63-1516-413B-997B-6689BE8CC7EE}.Release|Any CPU.ActiveCfg = Release|Any CPU
		{C3942F63-1516-413B-997B-6689BE8CC7EE}.Release|Any CPU.Build.0 = Release|Any CPU
	EndGlobalSection
	GlobalSection(SolutionProperties) = preSolution
		HideSolutionNode = FALSE
	EndGlobalSection
	GlobalSection(ExtensibilityGlobals) = postSolution
		SolutionGuid = {DE7FD680-184B-4101-8507-E37DE32ECA8F}
	EndGlobalSection
EndGlobal
