
Microsoft Visual Studio Solution File, Format Version 12.00
# Visual Studio Version 17
VisualStudioVersion = 17.2.32616.157
MinimumVisualStudioVersion = 10.0.40219.1
Project("{FAE04EC0-301F-11D3-BF4B-00C04F79EFBC}") = "AppDiscosDB", "AppDiscosDB\AppDiscosDB.csproj", "{C4F22892-DF9F-4BB4-A291-1A105BC2DAC7}"
EndProject
Project("{FAE04EC0-301F-11D3-BF4B-00C04F79EFBC}") = "dominio", "dominio\dominio.csproj", "{2FCB3C48-3576-4F48-B42A-0D6115FA106A}"
EndProject
Project("{FAE04EC0-301F-11D3-BF4B-00C04F79EFBC}") = "negocio", "negocio\negocio.csproj", "{661EAB6E-147D-47CA-9B26-CAF824A8AA09}"
EndProject
Global
	GlobalSection(SolutionConfigurationPlatforms) = preSolution
		Debug|Any CPU = Debug|Any CPU
		Release|Any CPU = Release|Any CPU
	EndGlobalSection
	GlobalSection(ProjectConfigurationPlatforms) = postSolution
		{C4F22892-DF9F-4BB4-A291-1A105BC2DAC7}.Debug|Any CPU.ActiveCfg = Debug|Any CPU
		{C4F22892-DF9F-4BB4-A291-1A105BC2DAC7}.Debug|Any CPU.Build.0 = Debug|Any CPU
		{C4F22892-DF9F-4BB4-A291-1A105BC2DAC7}.Release|Any CPU.ActiveCfg = Release|Any CPU
		{C4F22892-DF9F-4BB4-A291-1A105BC2DAC7}.Release|Any CPU.Build.0 = Release|Any CPU
		{2FCB3C48-3576-4F48-B42A-0D6115FA106A}.Debug|Any CPU.ActiveCfg = Debug|Any CPU
		{2FCB3C48-3576-4F48-B42A-0D6115FA106A}.Debug|Any CPU.Build.0 = Debug|Any CPU
		{2FCB3C48-3576-4F48-B42A-0D6115FA106A}.Release|Any CPU.ActiveCfg = Release|Any CPU
		{2FCB3C48-3576-4F48-B42A-0D6115FA106A}.Release|Any CPU.Build.0 = Release|Any CPU
		{661EAB6E-147D-47CA-9B26-CAF824A8AA09}.Debug|Any CPU.ActiveCfg = Debug|Any CPU
		{661EAB6E-147D-47CA-9B26-CAF824A8AA09}.Debug|Any CPU.Build.0 = Debug|Any CPU
		{661EAB6E-147D-47CA-9B26-CAF824A8AA09}.Release|Any CPU.ActiveCfg = Release|Any CPU
		{661EAB6E-147D-47CA-9B26-CAF824A8AA09}.Release|Any CPU.Build.0 = Release|Any CPU
	EndGlobalSection
	GlobalSection(SolutionProperties) = preSolution
		HideSolutionNode = FALSE
	EndGlobalSection
	GlobalSection(ExtensibilityGlobals) = postSolution
		SolutionGuid = {B301416E-C114-43F8-8353-AA0BAEA5693C}
	EndGlobalSection
EndGlobal
